
Microsoft Visual Studio Solution File, Format Version 11.00
# Visual Studio 2010
Project("{FAE04EC0-301F-11D3-BF4B-00C04F79EFBC}") = "videoplayer", "ConsoleApplication1\videoplayer.csproj", "{8102E7ED-5C9E-404D-8A23-4553051B6D57}"
EndProject
Global
	GlobalSection(SolutionConfigurationPlatforms) = preSolution
		Debug|x86 = Debug|x86
		Release|x86 = Release|x86
	EndGlobalSection
	GlobalSection(ProjectConfigurationPlatforms) = postSolution
		{8102E7ED-5C9E-404D-8A23-4553051B6D57}.Debug|x86.ActiveCfg = Debug|x86
		{8102E7ED-5C9E-404D-8A23-4553051B6D57}.Debug|x86.Build.0 = Debug|x86
		{8102E7ED-5C9E-404D-8A23-4553051B6D57}.Release|x86.ActiveCfg = Release|x86
		{8102E7ED-5C9E-404D-8A23-4553051B6D57}.Release|x86.Build.0 = Release|x86
	EndGlobalSection
	GlobalSection(SolutionProperties) = preSolution
		HideSolutionNode = FALSE
	EndGlobalSection
EndGlobal
