// !$*UTF8*$!
{
	archiveVersion = 1;
	classes = {
	};
	objectVersion = 46;
	objects = {

/* Begin PBXBuildFile section */
		379F80C315C2E41C00D11E40 /* DoneUp.png in Resources */ = {isa = PBXBuildFile; fileRef = 379F80BF15C2E41C00D11E40 /* DoneUp.png */; };
		379F80C415C2E41C00D11E40 /* DoneDown3.png in Resources */ = {isa = PBXBuildFile; fileRef = 379F80C015C2E41C00D11E40 /* DoneDown3.png */; };
		379F80C515C2E41C00D11E40 /* DoneUp3.png in Resources */ = {isa = PBXBuildFile; fileRef = 379F80C115C2E41C00D11E40 /* DoneUp3.png */; };
		379F80C615C2E41C00D11E40 /* DoneDown.png in Resources */ = {isa = PBXBuildFile; fileRef = 379F80C215C2E41C00D11E40 /* DoneDown.png */; };
		379F80CD15C2EFE700D11E40 /* LogViewController.m in Sources */ = {isa = PBXBuildFile; fileRef = 379F80CC15C2EFE600D11E40 /* LogViewController.m */; };
		379F80D715C2F48F00D11E40 /* libsqlite3.dylib in Frameworks */ = {isa = PBXBuildFile; fileRef = 379F80D615C2F48F00D11E40 /* libsqlite3.dylib */; };
		379F80DC15C2F64800D11E40 /* DetailViewController.m in Sources */ = {isa = PBXBuildFile; fileRef = 379F80DB15C2F64700D11E40 /* DetailViewController.m */; };
		379F80DD15C2F66300D11E40 /* Dfetch.m in Sources */ = {isa = PBXBuildFile; fileRef = 379F80D315C2F0AD00D11E40 /* Dfetch.m */; };
		379F80E315C318BC00D11E40 /* log.plist in Resources */ = {isa = PBXBuildFile; fileRef = 379F80E215C318BC00D11E40 /* log.plist */; };
		37BA33AF15C496B800E5229E /* icon57.png in Resources */ = {isa = PBXBuildFile; fileRef = 37BA33AD15C496B800E5229E /* icon57.png */; };
		37BA33B015C496B800E5229E /* icon114.png in Resources */ = {isa = PBXBuildFile; fileRef = 37BA33AE15C496B800E5229E /* icon114.png */; };
		37BA33B615C4AF8C00E5229E /* settings.png in Resources */ = {isa = PBXBuildFile; fileRef = 37BA33B515C4AF8C00E5229E /* settings.png */; };
		37EA2680158A31C500849B25 /* UIKit.framework in Frameworks */ = {isa = PBXBuildFile; fileRef = 37EA267F158A31C500849B25 /* UIKit.framework */; };
		37EA2682158A31C500849B25 /* Foundation.framework in Frameworks */ = {isa = PBXBuildFile; fileRef = 37EA2681158A31C500849B25 /* Foundation.framework */; };
		37EA2684158A31C500849B25 /* CoreGraphics.framework in Frameworks */ = {isa = PBXBuildFile; fileRef = 37EA2683158A31C500849B25 /* CoreGraphics.framework */; };
		37EA268A158A31C500849B25 /* InfoPlist.strings in Resources */ = {isa = PBXBuildFile; fileRef = 37EA2688158A31C500849B25 /* InfoPlist.strings */; };
		37EA268C158A31C500849B25 /* main.m in Sources */ = {isa = PBXBuildFile; fileRef = 37EA268B158A31C500849B25 /* main.m */; };
		37EA2690158A31C500849B25 /* AppDelegate.m in Sources */ = {isa = PBXBuildFile; fileRef = 37EA268F158A31C500849B25 /* AppDelegate.m */; };
		37EA2693158A31C500849B25 /* MainStoryboard_iPhone.storyboard in Resources */ = {isa = PBXBuildFile; fileRef = 37EA2691158A31C500849B25 /* MainStoryboard_iPhone.storyboard */; };
		37EA2699158A31C500849B25 /* ViewController.m in Sources */ = {isa = PBXBuildFile; fileRef = 37EA2698158A31C500849B25 /* ViewController.m */; };
		37EA26BA158A432C00849B25 /* data.plist in Resources */ = {isa = PBXBuildFile; fileRef = 37EA26B9158A432C00849B25 /* data.plist */; };
		37EA26C1158A60C800849B25 /* ViewController_setting.m in Sources */ = {isa = PBXBuildFile; fileRef = 37EA26C0158A60C800849B25 /* ViewController_setting.m */; };
/* End PBXBuildFile section */

/* Begin PBXFileReference section */
		379F80BF15C2E41C00D11E40 /* DoneUp.png */ = {isa = PBXFileReference; lastKnownFileType = image.png; path = DoneUp.png; sourceTree = "<group>"; };
		379F80C015C2E41C00D11E40 /* DoneDown3.png */ = {isa = PBXFileReference; lastKnownFileType = image.png; path = DoneDown3.png; sourceTree = "<group>"; };
		379F80C115C2E41C00D11E40 /* DoneUp3.png */ = {isa = PBXFileReference; lastKnownFileType = image.png; path = DoneUp3.png; sourceTree = "<group>"; };
		379F80C215C2E41C00D11E40 /* DoneDown.png */ = {isa = PBXFileReference; lastKnownFileType = image.png; path = DoneDown.png; sourceTree = "<group>"; };
		379F80CB15C2EFE600D11E40 /* LogViewController.h */ = {isa = PBXFileReference; fileEncoding = 4; lastKnownFileType = sourcecode.c.h; path = LogViewController.h; sourceTree = "<group>"; };
		379F80CC15C2EFE600D11E40 /* LogViewController.m */ = {isa = PBXFileReference; fileEncoding = 4; lastKnownFileType = sourcecode.c.objc; path = LogViewController.m; sourceTree = "<group>"; };
		379F80D215C2F0AD00D11E40 /* Dfetch.h */ = {isa = PBXFileReference; lastKnownFileType = sourcecode.c.h; name = Dfetch.h; path = ../Dfetch.h; sourceTree = "<group>"; };
		379F80D315C2F0AD00D11E40 /* Dfetch.m */ = {isa = PBXFileReference; lastKnownFileType = sourcecode.c.objc; name = Dfetch.m; path = ../Dfetch.m; sourceTree = "<group>"; };
		379F80D615C2F48F00D11E40 /* libsqlite3.dylib */ = {isa = PBXFileReference; lastKnownFileType = "compiled.mach-o.dylib"; name = libsqlite3.dylib; path = usr/lib/libsqlite3.dylib; sourceTree = SDKROOT; };
		379F80DA15C2F64700D11E40 /* DetailViewController.h */ = {isa = PBXFileReference; fileEncoding = 4; lastKnownFileType = sourcecode.c.h; name = DetailViewController.h; path = ../DetailViewController.h; sourceTree = "<group>"; };
		379F80DB15C2F64700D11E40 /* DetailViewController.m */ = {isa = PBXFileReference; fileEncoding = 4; lastKnownFileType = sourcecode.c.objc; name = DetailViewController.m; path = ../DetailViewController.m; sourceTree = "<group>"; };
		379F80E215C318BC00D11E40 /* log.plist */ = {isa = PBXFileReference; fileEncoding = 4; lastKnownFileType = text.plist.xml; path = log.plist; sourceTree = "<group>"; };
		37BA33AD15C496B800E5229E /* icon57.png */ = {isa = PBXFileReference; lastKnownFileType = image.png; path = icon57.png; sourceTree = "<group>"; };
		37BA33AE15C496B800E5229E /* icon114.png */ = {isa = PBXFileReference; lastKnownFileType = image.png; path = icon114.png; sourceTree = "<group>"; };
		37BA33B515C4AF8C00E5229E /* settings.png */ = {isa = PBXFileReference; lastKnownFileType = image.png; path = settings.png; sourceTree = "<group>"; };
		37EA267B158A31C500849B25 /* mentalMath.app */ = {isa = PBXFileReference; explicitFileType = wrapper.application; includeInIndex = 0; path = mentalMath.app; sourceTree = BUILT_PRODUCTS_DIR; };
		37EA267F158A31C500849B25 /* UIKit.framework */ = {isa = PBXFileReference; lastKnownFileType = wrapper.framework; name = UIKit.framework; path = System/Library/Frameworks/UIKit.framework; sourceTree = SDKROOT; };
		37EA2681158A31C500849B25 /* Foundation.framework */ = {isa = PBXFileReference; lastKnownFileType = wrapper.framework; name = Foundation.framework; path = System/Library/Frameworks/Foundation.framework; sourceTree = SDKROOT; };
		37EA2683158A31C500849B25 /* CoreGraphics.framework */ = {isa = PBXFileReference; lastKnownFileType = wrapper.framework; name = CoreGraphics.framework; path = System/Library/Frameworks/CoreGraphics.framework; sourceTree = SDKROOT; };
		37EA2687158A31C500849B25 /* mentalMath-Info.plist */ = {isa = PBXFileReference; lastKnownFileType = text.plist.xml; path = "mentalMath-Info.plist"; sourceTree = "<group>"; };
		37EA2689158A31C500849B25 /* en */ = {isa = PBXFileReference; lastKnownFileType = text.plist.strings; name = en; path = en.lproj/InfoPlist.strings; sourceTree = "<group>"; };
		37EA268B158A31C500849B25 /* main.m */ = {isa = PBXFileReference; lastKnownFileType = sourcecode.c.objc; path = main.m; sourceTree = "<group>"; };
		37EA268D158A31C500849B25 /* mentalMath-Prefix.pch */ = {isa = PBXFileReference; lastKnownFileType = sourcecode.c.h; path = "mentalMath-Prefix.pch"; sourceTree = "<group>"; };
		37EA268E158A31C500849B25 /* AppDelegate.h */ = {isa = PBXFileReference; lastKnownFileType = sourcecode.c.h; path = AppDelegate.h; sourceTree = "<group>"; };
		37EA268F158A31C500849B25 /* AppDelegate.m */ = {isa = PBXFileReference; lastKnownFileType = sourcecode.c.objc; path = AppDelegate.m; sourceTree = "<group>"; };
		37EA2692158A31C500849B25 /* en */ = {isa = PBXFileReference; lastKnownFileType = file.storyboard; name = en; path = en.lproj/MainStoryboard_iPhone.storyboard; sourceTree = "<group>"; };
		37EA2697158A31C500849B25 /* ViewController.h */ = {isa = PBXFileReference; lastKnownFileType = sourcecode.c.h; path = ViewController.h; sourceTree = "<group>"; };
		37EA2698158A31C500849B25 /* ViewController.m */ = {isa = PBXFileReference; lastKnownFileType = sourcecode.c.objc; path = ViewController.m; sourceTree = "<group>"; };
		37EA26B9158A432C00849B25 /* data.plist */ = {isa = PBXFileReference; fileEncoding = 4; lastKnownFileType = text.plist.xml; path = data.plist; sourceTree = "<group>"; };
		37EA26BF158A60C800849B25 /* ViewController_setting.h */ = {isa = PBXFileReference; fileEncoding = 4; lastKnownFileType = sourcecode.c.h; path = ViewController_setting.h; sourceTree = "<group>"; };
		37EA26C0158A60C800849B25 /* ViewController_setting.m */ = {isa = PBXFileReference; fileEncoding = 4; lastKnownFileType = sourcecode.c.objc; path = ViewController_setting.m; sourceTree = "<group>"; };
/* End PBXFileReference section */

/* Begin PBXFrameworksBuildPhase section */
		37EA2678158A31C500849B25 /* Frameworks */ = {
			isa = PBXFrameworksBuildPhase;
			buildActionMask = 2147483647;
			files = (
				379F80D715C2F48F00D11E40 /* libsqlite3.dylib in Frameworks */,
				37EA2680158A31C500849B25 /* UIKit.framework in Frameworks */,
				37EA2682158A31C500849B25 /* Foundation.framework in Frameworks */,
				37EA2684158A31C500849B25 /* CoreGraphics.framework in Frameworks */,
			);
			runOnlyForDeploymentPostprocessing = 0;
		};
/* End PBXFrameworksBuildPhase section */

/* Begin PBXGroup section */
		37EA2670158A31C500849B25 = {
			isa = PBXGroup;
			children = (
				37EA2685158A31C500849B25 /* mentalMath */,
				37EA267E158A31C500849B25 /* Frameworks */,
				37EA267C158A31C500849B25 /* Products */,
			);
			sourceTree = "<group>";
		};
		37EA267C158A31C500849B25 /* Products */ = {
			isa = PBXGroup;
			children = (
				37EA267B158A31C500849B25 /* mentalMath.app */,
			);
			name = Products;
			sourceTree = "<group>";
		};
		37EA267E158A31C500849B25 /* Frameworks */ = {
			isa = PBXGroup;
			children = (
				379F80D615C2F48F00D11E40 /* libsqlite3.dylib */,
				37EA267F158A31C500849B25 /* UIKit.framework */,
				37EA2681158A31C500849B25 /* Foundation.framework */,
				37EA2683158A31C500849B25 /* CoreGraphics.framework */,
			);
			name = Frameworks;
			sourceTree = "<group>";
		};
		37EA2685158A31C500849B25 /* mentalMath */ = {
			isa = PBXGroup;
			children = (
				379F80DA15C2F64700D11E40 /* DetailViewController.h */,
				379F80DB15C2F64700D11E40 /* DetailViewController.m */,
				379F80D215C2F0AD00D11E40 /* Dfetch.h */,
				379F80D315C2F0AD00D11E40 /* Dfetch.m */,
				37EA268E158A31C500849B25 /* AppDelegate.h */,
				37EA268F158A31C500849B25 /* AppDelegate.m */,
				37EA2691158A31C500849B25 /* MainStoryboard_iPhone.storyboard */,
				379F80CB15C2EFE600D11E40 /* LogViewController.h */,
				379F80CC15C2EFE600D11E40 /* LogViewController.m */,
				37EA2697158A31C500849B25 /* ViewController.h */,
				37EA2698158A31C500849B25 /* ViewController.m */,
				37EA2686158A31C500849B25 /* Supporting Files */,
				37EA26B9158A432C00849B25 /* data.plist */,
				37EA26BF158A60C800849B25 /* ViewController_setting.h */,
				37EA26C0158A60C800849B25 /* ViewController_setting.m */,
			);
			path = mentalMath;
			sourceTree = "<group>";
		};
		37EA2686158A31C500849B25 /* Supporting Files */ = {
			isa = PBXGroup;
			children = (
				37BA33B515C4AF8C00E5229E /* settings.png */,
				37BA33AD15C496B800E5229E /* icon57.png */,
				37BA33AE15C496B800E5229E /* icon114.png */,
				379F80BF15C2E41C00D11E40 /* DoneUp.png */,
				379F80C015C2E41C00D11E40 /* DoneDown3.png */,
				379F80C115C2E41C00D11E40 /* DoneUp3.png */,
				379F80C215C2E41C00D11E40 /* DoneDown.png */,
				37EA2687158A31C500849B25 /* mentalMath-Info.plist */,
				37EA2688158A31C500849B25 /* InfoPlist.strings */,
				37EA268B158A31C500849B25 /* main.m */,
				37EA268D158A31C500849B25 /* mentalMath-Prefix.pch */,
				379F80E215C318BC00D11E40 /* log.plist */,
			);
			name = "Supporting Files";
			sourceTree = "<group>";
		};
/* End PBXGroup section */

/* Begin PBXNativeTarget section */
		37EA267A158A31C500849B25 /* mentalMath */ = {
			isa = PBXNativeTarget;
			buildConfigurationList = 37EA269C158A31C500849B25 /* Build configuration list for PBXNativeTarget "mentalMath" */;
			buildPhases = (
				37EA2677158A31C500849B25 /* Sources */,
				37EA2678158A31C500849B25 /* Frameworks */,
				37EA2679158A31C500849B25 /* Resources */,
			);
			buildRules = (
			);
			dependencies = (
			);
			name = mentalMath;
			productName = mentalMath;
			productReference = 37EA267B158A31C500849B25 /* mentalMath.app */;
			productType = "com.apple.product-type.application";
		};
/* End PBXNativeTarget section */

/* Begin PBXProject section */
		37EA2672158A31C500849B25 /* Project object */ = {
			isa = PBXProject;
			attributes = {
				LastUpgradeCheck = 0430;
			};
			buildConfigurationList = 37EA2675158A31C500849B25 /* Build configuration list for PBXProject "mentalMath" */;
			compatibilityVersion = "Xcode 3.2";
			developmentRegion = English;
			hasScannedForEncodings = 0;
			knownRegions = (
				en,
			);
			mainGroup = 37EA2670158A31C500849B25;
			productRefGroup = 37EA267C158A31C500849B25 /* Products */;
			projectDirPath = "";
			projectRoot = "";
			targets = (
				37EA267A158A31C500849B25 /* mentalMath */,
			);
		};
/* End PBXProject section */

/* Begin PBXResourcesBuildPhase section */
		37EA2679158A31C500849B25 /* Resources */ = {
			isa = PBXResourcesBuildPhase;
			buildActionMask = 2147483647;
			files = (
				37EA268A158A31C500849B25 /* InfoPlist.strings in Resources */,
				37EA2693158A31C500849B25 /* MainStoryboard_iPhone.storyboard in Resources */,
				37EA26BA158A432C00849B25 /* data.plist in Resources */,
				379F80C315C2E41C00D11E40 /* DoneUp.png in Resources */,
				379F80C415C2E41C00D11E40 /* DoneDown3.png in Resources */,
				379F80C515C2E41C00D11E40 /* DoneUp3.png in Resources */,
				379F80C615C2E41C00D11E40 /* DoneDown.png in Resources */,
				379F80E315C318BC00D11E40 /* log.plist in Resources */,
				37BA33AF15C496B800E5229E /* icon57.png in Resources */,
				37BA33B015C496B800E5229E /* icon114.png in Resources */,
				37BA33B615C4AF8C00E5229E /* settings.png in Resources */,
			);
			runOnlyForDeploymentPostprocessing = 0;
		};
/* End PBXResourcesBuildPhase section */

/* Begin PBXSourcesBuildPhase section */
		37EA2677158A31C500849B25 /* Sources */ = {
			isa = PBXSourcesBuildPhase;
			buildActionMask = 2147483647;
			files = (
				379F80DD15C2F66300D11E40 /* Dfetch.m in Sources */,
				37EA268C158A31C500849B25 /* main.m in Sources */,
				37EA2690158A31C500849B25 /* AppDelegate.m in Sources */,
				37EA2699158A31C500849B25 /* ViewController.m in Sources */,
				37EA26C1158A60C800849B25 /* ViewController_setting.m in Sources */,
				379F80CD15C2EFE700D11E40 /* LogViewController.m in Sources */,
				379F80DC15C2F64800D11E40 /* DetailViewController.m in Sources */,
			);
			runOnlyForDeploymentPostprocessing = 0;
		};
/* End PBXSourcesBuildPhase section */

/* Begin PBXVariantGroup section */
		37EA2688158A31C500849B25 /* InfoPlist.strings */ = {
			isa = PBXVariantGroup;
			children = (
				37EA2689158A31C500849B25 /* en */,
			);
			name = InfoPlist.strings;
			sourceTree = "<group>";
		};
		37EA2691158A31C500849B25 /* MainStoryboard_iPhone.storyboard */ = {
			isa = PBXVariantGroup;
			children = (
				37EA2692158A31C500849B25 /* en */,
			);
			name = MainStoryboard_iPhone.storyboard;
			sourceTree = "<group>";
		};
/* End PBXVariantGroup section */

/* Begin XCBuildConfiguration section */
		379F80E815C33AE800D11E40 /* App Store */ = {
			isa = XCBuildConfiguration;
			buildSettings = {
				ALWAYS_SEARCH_USER_PATHS = NO;
				ARCHS = "$(ARCHS_STANDARD_32_BIT)";
				CODE_SIGN_IDENTITY = "iPhone Distribution: Jun Xiao";
				"CODE_SIGN_IDENTITY[sdk=iphoneos*]" = "iPhone Developer";
				COPY_PHASE_STRIP = YES;
				GCC_C_LANGUAGE_STANDARD = gnu99;
				GCC_VERSION = com.apple.compilers.llvm.clang.1_0;
				GCC_WARN_ABOUT_RETURN_TYPE = YES;
				GCC_WARN_UNINITIALIZED_AUTOS = YES;
				GCC_WARN_UNUSED_VARIABLE = YES;
				IPHONEOS_DEPLOYMENT_TARGET = 4.0;
				OTHER_CFLAGS = "-DNS_BLOCK_ASSERTIONS=1";
				PROVISIONING_PROFILE = "3CCEA476-D08A-4B11-9DA7-11784413E055";
				SDKROOT = iphoneos;
				TARGETED_DEVICE_FAMILY = 1;
				VALIDATE_PRODUCT = YES;
			};
			name = "App Store";
		};
		379F80E915C33AE800D11E40 /* App Store */ = {
			isa = XCBuildConfiguration;
			buildSettings = {
				CODE_SIGN_IDENTITY = "iPhone Distribution";
				"CODE_SIGN_IDENTITY[sdk=iphoneos*]" = "iPhone Distribution";
				GCC_PRECOMPILE_PREFIX_HEADER = YES;
				GCC_PREFIX_HEADER = "mentalMath/mentalMath-Prefix.pch";
				INFOPLIST_FILE = "mentalMath/mentalMath-Info.plist";
				IPHONEOS_DEPLOYMENT_TARGET = 5.1;
				PRODUCT_NAME = mentalMath;
				PROVISIONING_PROFILE = "";
				"PROVISIONING_PROFILE[sdk=iphoneos*]" = "";
				WRAPPER_EXTENSION = app;
			};
			name = "App Store";
		};
		37EA269A158A31C500849B25 /* Debug */ = {
			isa = XCBuildConfiguration;
			buildSettings = {
				ALWAYS_SEARCH_USER_PATHS = NO;
				ARCHS = "$(ARCHS_STANDARD_32_BIT)";
				"CODE_SIGN_IDENTITY[sdk=iphoneos*]" = "iPhone Developer";
				COPY_PHASE_STRIP = NO;
				GCC_C_LANGUAGE_STANDARD = gnu99;
				GCC_DYNAMIC_NO_PIC = NO;
				GCC_OPTIMIZATION_LEVEL = 0;
				GCC_PREPROCESSOR_DEFINITIONS = (
					"DEBUG=1",
					"$(inherited)",
				);
				GCC_SYMBOLS_PRIVATE_EXTERN = NO;
				GCC_VERSION = com.apple.compilers.llvm.clang.1_0;
				GCC_WARN_ABOUT_RETURN_TYPE = YES;
				GCC_WARN_UNINITIALIZED_AUTOS = YES;
				GCC_WARN_UNUSED_VARIABLE = YES;
				IPHONEOS_DEPLOYMENT_TARGET = 5.1;
				SDKROOT = iphoneos;
				TARGETED_DEVICE_FAMILY = 1;
			};
			name = Debug;
		};
		37EA269B158A31C500849B25 /* Release */ = {
			isa = XCBuildConfiguration;
			buildSettings = {
				ALWAYS_SEARCH_USER_PATHS = NO;
				ARCHS = "$(ARCHS_STANDARD_32_BIT)";
				CODE_SIGN_IDENTITY = "iPhone Distribution: Jun Xiao";
				"CODE_SIGN_IDENTITY[sdk=iphoneos*]" = "iPhone Developer";
				COPY_PHASE_STRIP = YES;
				GCC_C_LANGUAGE_STANDARD = gnu99;
				GCC_VERSION = com.apple.compilers.llvm.clang.1_0;
				GCC_WARN_ABOUT_RETURN_TYPE = YES;
				GCC_WARN_UNINITIALIZED_AUTOS = YES;
				GCC_WARN_UNUSED_VARIABLE = YES;
				IPHONEOS_DEPLOYMENT_TARGET = 5.0;
				OTHER_CFLAGS = "-DNS_BLOCK_ASSERTIONS=1";
				PROVISIONING_PROFILE = "3CCEA476-D08A-4B11-9DA7-11784413E055";
				"PROVISIONING_PROFILE[sdk=iphoneos*]" = "3CCEA476-D08A-4B11-9DA7-11784413E055";
				SDKROOT = iphoneos;
				TARGETED_DEVICE_FAMILY = 1;
				VALIDATE_PRODUCT = YES;
			};
			name = Release;
		};
		37EA269D158A31C500849B25 /* Debug */ = {
			isa = XCBuildConfiguration;
			buildSettings = {
				GCC_PRECOMPILE_PREFIX_HEADER = YES;
				GCC_PREFIX_HEADER = "mentalMath/mentalMath-Prefix.pch";
				INFOPLIST_FILE = "mentalMath/mentalMath-Info.plist";
				PRODUCT_NAME = mentalMath;
				WRAPPER_EXTENSION = app;
			};
			name = Debug;
		};
		37EA269E158A31C500849B25 /* Release */ = {
			isa = XCBuildConfiguration;
			buildSettings = {
				GCC_PRECOMPILE_PREFIX_HEADER = YES;
				GCC_PREFIX_HEADER = "mentalMath/mentalMath-Prefix.pch";
				INFOPLIST_FILE = "mentalMath/mentalMath-Info.plist";
				IPHONEOS_DEPLOYMENT_TARGET = 5.1;
				PRODUCT_NAME = mentalMath;
				VALIDATE_PRODUCT = NO;
				WRAPPER_EXTENSION = app;
			};
			name = Release;
		};
/* End XCBuildConfiguration section */

/* Begin XCConfigurationList section */
		37EA2675158A31C500849B25 /* Build configuration list for PBXProject "mentalMath" */ = {
			isa = XCConfigurationList;
			buildConfigurations = (
				37EA269A158A31C500849B25 /* Debug */,
				37EA269B158A31C500849B25 /* Release */,
				379F80E815C33AE800D11E40 /* App Store */,
			);
			defaultConfigurationIsVisible = 0;
			defaultConfigurationName = Release;
		};
		37EA269C158A31C500849B25 /* Build configuration list for PBXNativeTarget "mentalMath" */ = {
			isa = XCConfigurationList;
			buildConfigurations = (
				37EA269D158A31C500849B25 /* Debug */,
				37EA269E158A31C500849B25 /* Release */,
				379F80E915C33AE800D11E40 /* App Store */,
			);
			defaultConfigurationIsVisible = 0;
			defaultConfigurationName = Release;
		};
/* End XCConfigurationList section */
	};
	rootObject = 37EA2672158A31C500849B25 /* Project object */;
}
